{
  "originHash" : "ba2ccce816d4abad9b98fc0644bc3e43f9cdcfb381ac397cfd74fecf211e7439",
  "pins" : [
    {
      "identity" : "climageeditor",
      "kind" : "remoteSourceControl",
      "location" : "https://github.com/dougzilla32/CLImageEditor",
      "state" : {
        "revision" : "742dd3da900a7a12b61b95104bb1160fca2850ff",
        "version" : "0.0.3"
      }
    },
    {
      "identity" : "grmustache.swift",
      "kind" : "remoteSourceControl",
      "location" : "https://github.com/groue/GRMustache.swift",
      "state" : {
        "revision" : "811326995377af216b970ae3afb0645ca94986c8",
        "version" : "6.0.0"
      }
    },
    {
      "identity" : "reachability.swift",
      "kind" : "remoteSourceControl",
      "location" : "https://github.com/ashleymills/Reachability.swift",
      "state" : {
        "revision" : "21d1dc412cfecbe6e34f1f4c4eb88d3f912654a6",
        "version" : "5.2.4"
      }
    }
  ],
  "version" : 3
}
