{
  "originHash" : "7e675ad4852046d1ea9ce697a7111b98f1dd504eeee5518eeab70a424bc2c1dc",
  "pins" : [
    {
      "identity" : "climageeditor",
      "kind" : "remoteSourceControl",
      "location" : "https://github.com/dougzilla32/CLImageEditor",
      "state" : {
        "revision" : "f1fc7bd0028de13ba86f63bca3b8167bfb9718ce",
        "version" : "0.0.2"
      }
    },
    {
      "identity" : "grmustache.swift",
      "kind" : "remoteSourceControl",
      "location" : "https://github.com/groue/GRMustache.swift",
      "state" : {
        "revision" : "811326995377af216b970ae3afb0645ca94986c8",
        "version" : "6.0.0"
      }
    },
    {
      "identity" : "reachability.swift",
      "kind" : "remoteSourceControl",
      "location" : "https://github.com/ashleymills/Reachability.swift",
      "state" : {
        "revision" : "21d1dc412cfecbe6e34f1f4c4eb88d3f912654a6",
        "version" : "5.2.4"
      }
    }
  ],
  "version" : 3
}
